
Microsoft Visual Studio Solution File, Format Version 12.00
# Visual Studio Version 17
VisualStudioVersion = 17.9.34607.119
MinimumVisualStudioVersion = 10.0.40219.1
Project("{FAE04EC0-301F-11D3-BF4B-00C04F79EFBC}") = "Project_OdataToEntity", "Project_OdataToEntity\Project_OdataToEntity.csproj", "{62B35B6E-41A9-4CAF-8B27-707DA49AB583}"
EndProject
Project("{FAE04EC0-301F-11D3-BF4B-00C04F79EFBC}") = "OdataToEntity", "OdataToEntity\OdataToEntity.csproj", "{B74B43A4-29D1-4CDF-9AF6-E173B023467B}"
EndProject
Project("{FAE04EC0-301F-11D3-BF4B-00C04F79EFBC}") = "OdataToEntity.AspNetCore", "OdataToEntity.AspNetCore\OdataToEntity.AspNetCore.csproj", "{187A7ECA-9387-4CC3-9ED4-010193724B7E}"
EndProject
Project("{FAE04EC0-301F-11D3-BF4B-00C04F79EFBC}") = "OdataToEntity.EfCore", "OdataToEntity.EfCore\OdataToEntity.EfCore.csproj", "{3D30E5B2-65BC-4049-9954-D931C054A473}"
EndProject
Project("{FAE04EC0-301F-11D3-BF4B-00C04F79EFBC}") = "OdataToEntity.EfCore.DynamicDataContext", "OdataToEntity.EfCore.DynamicDataContext\OdataToEntity.EfCore.DynamicDataContext.csproj", "{1B293278-8814-4304-B3BB-32F9B75F1254}"
EndProject
Global
	GlobalSection(SolutionConfigurationPlatforms) = preSolution
		Debug|Any CPU = Debug|Any CPU
		Release|Any CPU = Release|Any CPU
	EndGlobalSection
	GlobalSection(ProjectConfigurationPlatforms) = postSolution
		{62B35B6E-41A9-4CAF-8B27-707DA49AB583}.Debug|Any CPU.ActiveCfg = Debug|Any CPU
		{62B35B6E-41A9-4CAF-8B27-707DA49AB583}.Debug|Any CPU.Build.0 = Debug|Any CPU
		{62B35B6E-41A9-4CAF-8B27-707DA49AB583}.Release|Any CPU.ActiveCfg = Release|Any CPU
		{62B35B6E-41A9-4CAF-8B27-707DA49AB583}.Release|Any CPU.Build.0 = Release|Any CPU
		{B74B43A4-29D1-4CDF-9AF6-E173B023467B}.Debug|Any CPU.ActiveCfg = Debug|Any CPU
		{B74B43A4-29D1-4CDF-9AF6-E173B023467B}.Debug|Any CPU.Build.0 = Debug|Any CPU
		{B74B43A4-29D1-4CDF-9AF6-E173B023467B}.Release|Any CPU.ActiveCfg = Release|Any CPU
		{B74B43A4-29D1-4CDF-9AF6-E173B023467B}.Release|Any CPU.Build.0 = Release|Any CPU
		{187A7ECA-9387-4CC3-9ED4-010193724B7E}.Debug|Any CPU.ActiveCfg = Debug|Any CPU
		{187A7ECA-9387-4CC3-9ED4-010193724B7E}.Debug|Any CPU.Build.0 = Debug|Any CPU
		{187A7ECA-9387-4CC3-9ED4-010193724B7E}.Release|Any CPU.ActiveCfg = Release|Any CPU
		{187A7ECA-9387-4CC3-9ED4-010193724B7E}.Release|Any CPU.Build.0 = Release|Any CPU
		{3D30E5B2-65BC-4049-9954-D931C054A473}.Debug|Any CPU.ActiveCfg = Debug|Any CPU
		{3D30E5B2-65BC-4049-9954-D931C054A473}.Debug|Any CPU.Build.0 = Debug|Any CPU
		{3D30E5B2-65BC-4049-9954-D931C054A473}.Release|Any CPU.ActiveCfg = Release|Any CPU
		{3D30E5B2-65BC-4049-9954-D931C054A473}.Release|Any CPU.Build.0 = Release|Any CPU
		{1B293278-8814-4304-B3BB-32F9B75F1254}.Debug|Any CPU.ActiveCfg = Debug|Any CPU
		{1B293278-8814-4304-B3BB-32F9B75F1254}.Debug|Any CPU.Build.0 = Debug|Any CPU
		{1B293278-8814-4304-B3BB-32F9B75F1254}.Release|Any CPU.ActiveCfg = Release|Any CPU
		{1B293278-8814-4304-B3BB-32F9B75F1254}.Release|Any CPU.Build.0 = Release|Any CPU
	EndGlobalSection
	GlobalSection(SolutionProperties) = preSolution
		HideSolutionNode = FALSE
	EndGlobalSection
	GlobalSection(ExtensibilityGlobals) = postSolution
		SolutionGuid = {C80A5FED-6738-4AF9-BC9D-C2B502A02880}
	EndGlobalSection
EndGlobal
